
Microsoft Visual Studio Solution File, Format Version 12.00
Project("{FAE04EC0-301F-11D3-BF4B-00C04F79EFBC}") = "VladTelegramBot", "VladTelegramBot\VladTelegramBot.csproj", "{064C74B4-941F-4F99-A83F-19B8F81C1CA4}"
EndProject
Global
	GlobalSection(SolutionConfigurationPlatforms) = preSolution
		Debug|Any CPU = Debug|Any CPU
		Release|Any CPU = Release|Any CPU
	EndGlobalSection
	GlobalSection(ProjectConfigurationPlatforms) = postSolution
		{064C74B4-941F-4F99-A83F-19B8F81C1CA4}.Debug|Any CPU.ActiveCfg = Debug|Any CPU
		{064C74B4-941F-4F99-A83F-19B8F81C1CA4}.Debug|Any CPU.Build.0 = Debug|Any CPU
		{064C74B4-941F-4F99-A83F-19B8F81C1CA4}.Release|Any CPU.ActiveCfg = Release|Any CPU
		{064C74B4-941F-4F99-A83F-19B8F81C1CA4}.Release|Any CPU.Build.0 = Release|Any CPU
	EndGlobalSection
EndGlobal
